
Microsoft Visual Studio Solution File, Format Version 12.00
# Visual Studio Version 17
VisualStudioVersion = 17.14.36414.22
MinimumVisualStudioVersion = 10.0.40219.1
Project("{2150E333-8FDC-42A3-9474-1A3956D46DE8}") = "Task0", "Task0", "{02EA681E-C7D8-13C7-8484-4AC65E1B71E8}"
EndProject
Project("{FAE04EC0-301F-11D3-BF4B-00C04F79EFBC}") = "Tyuiu.AndreevIA.Sprint1.Task0.V10", "Tyuiu.AndreevIA.Sprint1.Task0.V10\Tyuiu.AndreevIA.Sprint1.Task0.V10.csproj", "{8C4FCC8F-D7C7-436B-8D19-2C1AFADD5032}"
EndProject
Project("{FAE04EC0-301F-11D3-BF4B-00C04F79EFBC}") = "Tyuiu.AndreevIA.Sprint1.Task0.V10.Lib", "Tyuiu.AndreevIA.Sprint1.Task0.V10.Lib\Tyuiu.AndreevIA.Sprint1.Task0.V10.Lib.csproj", "{204E6292-0F56-4490-9276-6A9275CE93BF}"
EndProject
Project("{FAE04EC0-301F-11D3-BF4B-00C04F79EFBC}") = "Tyuiu.AndreevIA.Sprint1.Task0.V10.Test", "Tyuiu.AndreevIA.Sprint1.Task0.V10.Test\Tyuiu.AndreevIA.Sprint1.Task0.V10.Test.csproj", "{BE2B1B25-D7E0-4E7E-BD44-C7F53198F0B3}"
EndProject
Project("{2150E333-8FDC-42A3-9474-1A3956D46DE8}") = "Task1", "Task1", "{7A9910B1-61C4-4DB5-9A98-17C01485F665}"
EndProject
Project("{FAE04EC0-301F-11D3-BF4B-00C04F79EFBC}") = "Tyuiu.AndreevIA.Sprint1.Task1.V23.Test", "Tyuiu.AndreevIA.Sprint1.Task1.V23.Test\Tyuiu.AndreevIA.Sprint1.Task1.V23.Test.csproj", "{662DCFBF-C2C4-4F76-A1F8-9422FD83E900}"
EndProject
Project("{FAE04EC0-301F-11D3-BF4B-00C04F79EFBC}") = "Tyuiu.AndreevIA.Sprint1.Task1.V23", "Tyuiu.AndreevIA.Sprint1.Task1.V23\Tyuiu.AndreevIA.Sprint1.Task1.V23.csproj", "{DBFEEB83-FC3A-435A-9BCC-C0A1BA2A8A4B}"
EndProject
Project("{FAE04EC0-301F-11D3-BF4B-00C04F79EFBC}") = "Tyuiu.AndreevIA.Sprint1.Task1.V23.Lib", "Tyuiu.AndreevIA.Sprint1.Task1.V23.Lib\Tyuiu.AndreevIA.Sprint1.Task1.V23.Lib.csproj", "{4FBE835E-4CB3-4BC2-8ED1-B92F2D7A13D8}"
EndProject
Project("{2150E333-8FDC-42A3-9474-1A3956D46DE8}") = "Task2", "Task2", "{7E69A5B6-EAC6-41FE-8919-550F876527AF}"
EndProject
Project("{FAE04EC0-301F-11D3-BF4B-00C04F79EFBC}") = "Tyuiu.AndreevIA.Sprint1.Task2.V21", "Tyuiu.AndreevIA.Sprint1.Task2.V21\Tyuiu.AndreevIA.Sprint1.Task2.V21.csproj", "{FF329B0F-2137-494B-9DD9-CE8597B23C97}"
EndProject
Project("{FAE04EC0-301F-11D3-BF4B-00C04F79EFBC}") = "Tyuiu.AndreevIA.Sprint1.Task2.V21.Lib", "Tyuiu.AndreevIA.Sprint1.Task2.V21.Lib\Tyuiu.AndreevIA.Sprint1.Task2.V21.Lib.csproj", "{47E8EF47-7031-4321-918B-6DE2C506EF3C}"
EndProject
Project("{FAE04EC0-301F-11D3-BF4B-00C04F79EFBC}") = "Tyuiu.AndreevIA.Sprint1.Task2.V21.Test", "Tyuiu.AndreevIA.Sprint1.Task2.V21.Test\Tyuiu.AndreevIA.Sprint1.Task2.V21.Test.csproj", "{A2ED41C1-9538-4FB0-BB29-5EACF613B868}"
EndProject
Project("{2150E333-8FDC-42A3-9474-1A3956D46DE8}") = "Task3", "Task3", "{8F936AD0-3014-48E8-95CD-638763F6DF80}"
EndProject
Project("{FAE04EC0-301F-11D3-BF4B-00C04F79EFBC}") = "Tyuiu.AndreevIA.Sprint1.Task3.V17", "Tyuiu.AndreevIA.Sprint1.Task3.V17\Tyuiu.AndreevIA.Sprint1.Task3.V17.csproj", "{FD5C83A6-7FBD-4365-9804-37D9BA0CF469}"
EndProject
Project("{FAE04EC0-301F-11D3-BF4B-00C04F79EFBC}") = "Tyuiu.AndreevIA.Sprint1.Task3.V17.Lib", "Tyuiu.AndreevIA.Sprint1.Task3.V17.Lib\Tyuiu.AndreevIA.Sprint1.Task3.V17.Lib.csproj", "{FC649EB7-6239-4C75-AE57-FE03814CD4FD}"
EndProject
Project("{FAE04EC0-301F-11D3-BF4B-00C04F79EFBC}") = "Tyuiu.AndreevIA.Sprint1.Task3.V17.Test", "Tyuiu.AndreevIA.Sprint1.Task3.V17.Test\Tyuiu.AndreevIA.Sprint1.Task3.V17.Test.csproj", "{525043DB-1702-4684-BA54-1AF5A04341F3}"
EndProject
Project("{2150E333-8FDC-42A3-9474-1A3956D46DE8}") = "Task4", "Task4", "{407059E6-5186-4DC1-BC42-E38197C5B2AE}"
EndProject
Project("{FAE04EC0-301F-11D3-BF4B-00C04F79EFBC}") = "Tyuiu.AndreevIA.Sprint1.Task4.V22", "Tyuiu.AndreevIA.Sprint1.Task4.V22\Tyuiu.AndreevIA.Sprint1.Task4.V22.csproj", "{A6C58456-98F6-409E-A877-F2C5D2AAE71D}"
EndProject
Project("{FAE04EC0-301F-11D3-BF4B-00C04F79EFBC}") = "Tyuiu.AndreevIA.Sprint1.Task4.V22.Lib", "Tyuiu.AndreevIA.Sprint1.Task4.V22.Lib\Tyuiu.AndreevIA.Sprint1.Task4.V22.Lib.csproj", "{FA437761-3483-460E-84B4-8A04945B1829}"
EndProject
Project("{FAE04EC0-301F-11D3-BF4B-00C04F79EFBC}") = "Tyuiu.AndreevIA.Sprint1.Task4.V22.Test", "Tyuiu.AndreevIA.Sprint1.Task4.V22.Test\Tyuiu.AndreevIA.Sprint1.Task4.V22.Test.csproj", "{35362CBD-C925-4715-8339-4F48B25D1626}"
EndProject
Project("{2150E333-8FDC-42A3-9474-1A3956D46DE8}") = "Task5", "Task5", "{BD4DA6F1-2F7F-46E0-BDC1-2DE0C73D734C}"
EndProject
Project("{FAE04EC0-301F-11D3-BF4B-00C04F79EFBC}") = "Tyuiu.AndreevIA.Sprint1.Task5.V3", "Tyuiu.AndreevIA.Sprint1.Task5.V3\Tyuiu.AndreevIA.Sprint1.Task5.V3.csproj", "{9920AA68-D667-4F6D-950E-ACC225DAA716}"
EndProject
Project("{FAE04EC0-301F-11D3-BF4B-00C04F79EFBC}") = "Tyuiu.AndreevIA.Sprint1.Task5.V3.Lib", "Tyuiu.AndreevIA.Sprint1.Task5.V3.Lib\Tyuiu.AndreevIA.Sprint1.Task5.V3.Lib.csproj", "{5600B469-9371-4C9D-96AA-58BBB3A2983D}"
EndProject
Project("{FAE04EC0-301F-11D3-BF4B-00C04F79EFBC}") = "Tyuiu.AndreevIA.Sprint1.Task5.V3.Test", "Tyuiu.AndreevIA.Sprint1.Task5.V3.Test\Tyuiu.AndreevIA.Sprint1.Task5.V3.Test.csproj", "{EFDBB4A4-5310-432D-8E30-8708EFD030F2}"
EndProject
Global
	GlobalSection(SolutionConfigurationPlatforms) = preSolution
		Debug|Any CPU = Debug|Any CPU
		Release|Any CPU = Release|Any CPU
	EndGlobalSection
	GlobalSection(ProjectConfigurationPlatforms) = postSolution
		{8C4FCC8F-D7C7-436B-8D19-2C1AFADD5032}.Debug|Any CPU.ActiveCfg = Debug|Any CPU
		{8C4FCC8F-D7C7-436B-8D19-2C1AFADD5032}.Debug|Any CPU.Build.0 = Debug|Any CPU
		{8C4FCC8F-D7C7-436B-8D19-2C1AFADD5032}.Release|Any CPU.ActiveCfg = Release|Any CPU
		{8C4FCC8F-D7C7-436B-8D19-2C1AFADD5032}.Release|Any CPU.Build.0 = Release|Any CPU
		{204E6292-0F56-4490-9276-6A9275CE93BF}.Debug|Any CPU.ActiveCfg = Debug|Any CPU
		{204E6292-0F56-4490-9276-6A9275CE93BF}.Debug|Any CPU.Build.0 = Debug|Any CPU
		{204E6292-0F56-4490-9276-6A9275CE93BF}.Release|Any CPU.ActiveCfg = Release|Any CPU
		{204E6292-0F56-4490-9276-6A9275CE93BF}.Release|Any CPU.Build.0 = Release|Any CPU
		{BE2B1B25-D7E0-4E7E-BD44-C7F53198F0B3}.Debug|Any CPU.ActiveCfg = Debug|Any CPU
		{BE2B1B25-D7E0-4E7E-BD44-C7F53198F0B3}.Debug|Any CPU.Build.0 = Debug|Any CPU
		{BE2B1B25-D7E0-4E7E-BD44-C7F53198F0B3}.Release|Any CPU.ActiveCfg = Release|Any CPU
		{BE2B1B25-D7E0-4E7E-BD44-C7F53198F0B3}.Release|Any CPU.Build.0 = Release|Any CPU
		{662DCFBF-C2C4-4F76-A1F8-9422FD83E900}.Debug|Any CPU.ActiveCfg = Debug|Any CPU
		{662DCFBF-C2C4-4F76-A1F8-9422FD83E900}.Debug|Any CPU.Build.0 = Debug|Any CPU
		{662DCFBF-C2C4-4F76-A1F8-9422FD83E900}.Release|Any CPU.ActiveCfg = Release|Any CPU
		{662DCFBF-C2C4-4F76-A1F8-9422FD83E900}.Release|Any CPU.Build.0 = Release|Any CPU
		{DBFEEB83-FC3A-435A-9BCC-C0A1BA2A8A4B}.Debug|Any CPU.ActiveCfg = Debug|Any CPU
		{DBFEEB83-FC3A-435A-9BCC-C0A1BA2A8A4B}.Debug|Any CPU.Build.0 = Debug|Any CPU
		{DBFEEB83-FC3A-435A-9BCC-C0A1BA2A8A4B}.Release|Any CPU.ActiveCfg = Release|Any CPU
		{DBFEEB83-FC3A-435A-9BCC-C0A1BA2A8A4B}.Release|Any CPU.Build.0 = Release|Any CPU
		{4FBE835E-4CB3-4BC2-8ED1-B92F2D7A13D8}.Debug|Any CPU.ActiveCfg = Debug|Any CPU
		{4FBE835E-4CB3-4BC2-8ED1-B92F2D7A13D8}.Debug|Any CPU.Build.0 = Debug|Any CPU
		{4FBE835E-4CB3-4BC2-8ED1-B92F2D7A13D8}.Release|Any CPU.ActiveCfg = Release|Any CPU
		{4FBE835E-4CB3-4BC2-8ED1-B92F2D7A13D8}.Release|Any CPU.Build.0 = Release|Any CPU
		{FF329B0F-2137-494B-9DD9-CE8597B23C97}.Debug|Any CPU.ActiveCfg = Debug|Any CPU
		{FF329B0F-2137-494B-9DD9-CE8597B23C97}.Debug|Any CPU.Build.0 = Debug|Any CPU
		{FF329B0F-2137-494B-9DD9-CE8597B23C97}.Release|Any CPU.ActiveCfg = Release|Any CPU
		{FF329B0F-2137-494B-9DD9-CE8597B23C97}.Release|Any CPU.Build.0 = Release|Any CPU
		{47E8EF47-7031-4321-918B-6DE2C506EF3C}.Debug|Any CPU.ActiveCfg = Debug|Any CPU
		{47E8EF47-7031-4321-918B-6DE2C506EF3C}.Debug|Any CPU.Build.0 = Debug|Any CPU
		{47E8EF47-7031-4321-918B-6DE2C506EF3C}.Release|Any CPU.ActiveCfg = Release|Any CPU
		{47E8EF47-7031-4321-918B-6DE2C506EF3C}.Release|Any CPU.Build.0 = Release|Any CPU
		{A2ED41C1-9538-4FB0-BB29-5EACF613B868}.Debug|Any CPU.ActiveCfg = Debug|Any CPU
		{A2ED41C1-9538-4FB0-BB29-5EACF613B868}.Debug|Any CPU.Build.0 = Debug|Any CPU
		{A2ED41C1-9538-4FB0-BB29-5EACF613B868}.Release|Any CPU.ActiveCfg = Release|Any CPU
		{A2ED41C1-9538-4FB0-BB29-5EACF613B868}.Release|Any CPU.Build.0 = Release|Any CPU
		{FD5C83A6-7FBD-4365-9804-37D9BA0CF469}.Debug|Any CPU.ActiveCfg = Debug|Any CPU
		{FD5C83A6-7FBD-4365-9804-37D9BA0CF469}.Debug|Any CPU.Build.0 = Debug|Any CPU
		{FD5C83A6-7FBD-4365-9804-37D9BA0CF469}.Release|Any CPU.ActiveCfg = Release|Any CPU
		{FD5C83A6-7FBD-4365-9804-37D9BA0CF469}.Release|Any CPU.Build.0 = Release|Any CPU
		{FC649EB7-6239-4C75-AE57-FE03814CD4FD}.Debug|Any CPU.ActiveCfg = Debug|Any CPU
		{FC649EB7-6239-4C75-AE57-FE03814CD4FD}.Debug|Any CPU.Build.0 = Debug|Any CPU
		{FC649EB7-6239-4C75-AE57-FE03814CD4FD}.Release|Any CPU.ActiveCfg = Release|Any CPU
		{FC649EB7-6239-4C75-AE57-FE03814CD4FD}.Release|Any CPU.Build.0 = Release|Any CPU
		{525043DB-1702-4684-BA54-1AF5A04341F3}.Debug|Any CPU.ActiveCfg = Debug|Any CPU
		{525043DB-1702-4684-BA54-1AF5A04341F3}.Debug|Any CPU.Build.0 = Debug|Any CPU
		{525043DB-1702-4684-BA54-1AF5A04341F3}.Release|Any CPU.ActiveCfg = Release|Any CPU
		{525043DB-1702-4684-BA54-1AF5A04341F3}.Release|Any CPU.Build.0 = Release|Any CPU
		{A6C58456-98F6-409E-A877-F2C5D2AAE71D}.Debug|Any CPU.ActiveCfg = Debug|Any CPU
		{A6C58456-98F6-409E-A877-F2C5D2AAE71D}.Debug|Any CPU.Build.0 = Debug|Any CPU
		{A6C58456-98F6-409E-A877-F2C5D2AAE71D}.Release|Any CPU.ActiveCfg = Release|Any CPU
		{A6C58456-98F6-409E-A877-F2C5D2AAE71D}.Release|Any CPU.Build.0 = Release|Any CPU
		{FA437761-3483-460E-84B4-8A04945B1829}.Debug|Any CPU.ActiveCfg = Debug|Any CPU
		{FA437761-3483-460E-84B4-8A04945B1829}.Debug|Any CPU.Build.0 = Debug|Any CPU
		{FA437761-3483-460E-84B4-8A04945B1829}.Release|Any CPU.ActiveCfg = Release|Any CPU
		{FA437761-3483-460E-84B4-8A04945B1829}.Release|Any CPU.Build.0 = Release|Any CPU
		{35362CBD-C925-4715-8339-4F48B25D1626}.Debug|Any CPU.ActiveCfg = Debug|Any CPU
		{35362CBD-C925-4715-8339-4F48B25D1626}.Debug|Any CPU.Build.0 = Debug|Any CPU
		{35362CBD-C925-4715-8339-4F48B25D1626}.Release|Any CPU.ActiveCfg = Release|Any CPU
		{35362CBD-C925-4715-8339-4F48B25D1626}.Release|Any CPU.Build.0 = Release|Any CPU
		{9920AA68-D667-4F6D-950E-ACC225DAA716}.Debug|Any CPU.ActiveCfg = Debug|Any CPU
		{9920AA68-D667-4F6D-950E-ACC225DAA716}.Debug|Any CPU.Build.0 = Debug|Any CPU
		{9920AA68-D667-4F6D-950E-ACC225DAA716}.Release|Any CPU.ActiveCfg = Release|Any CPU
		{9920AA68-D667-4F6D-950E-ACC225DAA716}.Release|Any CPU.Build.0 = Release|Any CPU
		{5600B469-9371-4C9D-96AA-58BBB3A2983D}.Debug|Any CPU.ActiveCfg = Debug|Any CPU
		{5600B469-9371-4C9D-96AA-58BBB3A2983D}.Debug|Any CPU.Build.0 = Debug|Any CPU
		{5600B469-9371-4C9D-96AA-58BBB3A2983D}.Release|Any CPU.ActiveCfg = Release|Any CPU
		{5600B469-9371-4C9D-96AA-58BBB3A2983D}.Release|Any CPU.Build.0 = Release|Any CPU
		{EFDBB4A4-5310-432D-8E30-8708EFD030F2}.Debug|Any CPU.ActiveCfg = Debug|Any CPU
		{EFDBB4A4-5310-432D-8E30-8708EFD030F2}.Debug|Any CPU.Build.0 = Debug|Any CPU
		{EFDBB4A4-5310-432D-8E30-8708EFD030F2}.Release|Any CPU.ActiveCfg = Release|Any CPU
		{EFDBB4A4-5310-432D-8E30-8708EFD030F2}.Release|Any CPU.Build.0 = Release|Any CPU
	EndGlobalSection
	GlobalSection(SolutionProperties) = preSolution
		HideSolutionNode = FALSE
	EndGlobalSection
	GlobalSection(NestedProjects) = preSolution
		{8C4FCC8F-D7C7-436B-8D19-2C1AFADD5032} = {02EA681E-C7D8-13C7-8484-4AC65E1B71E8}
		{204E6292-0F56-4490-9276-6A9275CE93BF} = {02EA681E-C7D8-13C7-8484-4AC65E1B71E8}
		{BE2B1B25-D7E0-4E7E-BD44-C7F53198F0B3} = {02EA681E-C7D8-13C7-8484-4AC65E1B71E8}
		{662DCFBF-C2C4-4F76-A1F8-9422FD83E900} = {7A9910B1-61C4-4DB5-9A98-17C01485F665}
		{DBFEEB83-FC3A-435A-9BCC-C0A1BA2A8A4B} = {7A9910B1-61C4-4DB5-9A98-17C01485F665}
		{4FBE835E-4CB3-4BC2-8ED1-B92F2D7A13D8} = {7A9910B1-61C4-4DB5-9A98-17C01485F665}
		{FF329B0F-2137-494B-9DD9-CE8597B23C97} = {7E69A5B6-EAC6-41FE-8919-550F876527AF}
		{47E8EF47-7031-4321-918B-6DE2C506EF3C} = {7E69A5B6-EAC6-41FE-8919-550F876527AF}
		{A2ED41C1-9538-4FB0-BB29-5EACF613B868} = {7E69A5B6-EAC6-41FE-8919-550F876527AF}
		{FD5C83A6-7FBD-4365-9804-37D9BA0CF469} = {8F936AD0-3014-48E8-95CD-638763F6DF80}
		{FC649EB7-6239-4C75-AE57-FE03814CD4FD} = {8F936AD0-3014-48E8-95CD-638763F6DF80}
		{525043DB-1702-4684-BA54-1AF5A04341F3} = {8F936AD0-3014-48E8-95CD-638763F6DF80}
		{A6C58456-98F6-409E-A877-F2C5D2AAE71D} = {407059E6-5186-4DC1-BC42-E38197C5B2AE}
		{FA437761-3483-460E-84B4-8A04945B1829} = {407059E6-5186-4DC1-BC42-E38197C5B2AE}
		{35362CBD-C925-4715-8339-4F48B25D1626} = {407059E6-5186-4DC1-BC42-E38197C5B2AE}
		{9920AA68-D667-4F6D-950E-ACC225DAA716} = {BD4DA6F1-2F7F-46E0-BDC1-2DE0C73D734C}
		{5600B469-9371-4C9D-96AA-58BBB3A2983D} = {BD4DA6F1-2F7F-46E0-BDC1-2DE0C73D734C}
		{EFDBB4A4-5310-432D-8E30-8708EFD030F2} = {BD4DA6F1-2F7F-46E0-BDC1-2DE0C73D734C}
	EndGlobalSection
	GlobalSection(ExtensibilityGlobals) = postSolution
		SolutionGuid = {DB2EC914-070D-4ED7-B104-4F2A8CFE0159}
	EndGlobalSection
EndGlobal
